
Microsoft Visual Studio Solution File, Format Version 11.00
# Visual Studio 2010
Project("{2150E333-8FDC-42A3-9474-1A3956D46DE8}") = "Samples", "Samples", "{033B3A00-4B76-4530-BDAB-E294EB0BAD70}"
EndProject
Project("{8BC9CEB8-8B4A-11D0-8D11-00A0C91BC942}") = "DockSiteSample", "DockSiteSample\DockSiteSample.vcxproj", "{6BFC5D70-8483-4714-837A-D6ACEAA2A491}"
EndProject
Project("{8BC9CEB8-8B4A-11D0-8D11-00A0C91BC942}") = "MDIExSample", "MDIExSample\MDIExSample.vcxproj", "{8486B009-FC87-459E-B276-B0F83533BBA4}"
EndProject
Project("{8BC9CEB8-8B4A-11D0-8D11-00A0C91BC942}") = "MDISample", "MDISample\MDISample.vcxproj", "{093454D2-F74D-4F4E-8638-7186433D3752}"
EndProject
Project("{8BC9CEB8-8B4A-11D0-8D11-00A0C91BC942}") = "SDISample", "SDISample\SDISample.vcxproj", "{E917C971-B65B-4AB2-A2E3-4328D938B816}"
EndProject
Project("{8BC9CEB8-8B4A-11D0-8D11-00A0C91BC942}") = "SDITabbedSample", "SDITabbedSample\SDITabbedSample.vcxproj", "{126D56E5-3C1F-4EC9-80F1-367C99E5CD86}"
EndProject
Project("{8BC9CEB8-8B4A-11D0-8D11-00A0C91BC942}") = "MDISample.stateless", "MDISample.stateless\MDISample.stateless.vcxproj", "{3A8ADF50-DF8D-454D-8674-B32E15B3E0F4}"
EndProject
Project("{8BC9CEB8-8B4A-11D0-8D11-00A0C91BC942}") = "SDISample.stateless", "SDISample.stateless\SDISample.stateless.vcxproj", "{F3F6E1C9-EBC6-41AB-8821-F73F6304668B}"
EndProject
Project("{8BC9CEB8-8B4A-11D0-8D11-00A0C91BC942}") = "DockWins", "DockWins\DockWins.vcxproj", "{F67B4B68-5EEC-40C1-AFD9-3D7D53552B12}"
EndProject
Global
	GlobalSection(SolutionConfigurationPlatforms) = preSolution
		Debug|Win32 = Debug|Win32
		Debug|x64 = Debug|x64
		Release|Win32 = Release|Win32
		Release|x64 = Release|x64
	EndGlobalSection
	GlobalSection(ProjectConfigurationPlatforms) = postSolution
		{6BFC5D70-8483-4714-837A-D6ACEAA2A491}.Debug|Win32.ActiveCfg = Debug|Win32
		{6BFC5D70-8483-4714-837A-D6ACEAA2A491}.Debug|Win32.Build.0 = Debug|Win32
		{6BFC5D70-8483-4714-837A-D6ACEAA2A491}.Debug|x64.ActiveCfg = Debug|x64
		{6BFC5D70-8483-4714-837A-D6ACEAA2A491}.Debug|x64.Build.0 = Debug|x64
		{6BFC5D70-8483-4714-837A-D6ACEAA2A491}.Release|Win32.ActiveCfg = Release|Win32
		{6BFC5D70-8483-4714-837A-D6ACEAA2A491}.Release|Win32.Build.0 = Release|Win32
		{6BFC5D70-8483-4714-837A-D6ACEAA2A491}.Release|x64.ActiveCfg = Release|x64
		{6BFC5D70-8483-4714-837A-D6ACEAA2A491}.Release|x64.Build.0 = Release|x64
		{8486B009-FC87-459E-B276-B0F83533BBA4}.Debug|Win32.ActiveCfg = Debug|Win32
		{8486B009-FC87-459E-B276-B0F83533BBA4}.Debug|Win32.Build.0 = Debug|Win32
		{8486B009-FC87-459E-B276-B0F83533BBA4}.Debug|x64.ActiveCfg = Debug|x64
		{8486B009-FC87-459E-B276-B0F83533BBA4}.Debug|x64.Build.0 = Debug|x64
		{8486B009-FC87-459E-B276-B0F83533BBA4}.Release|Win32.ActiveCfg = Release|Win32
		{8486B009-FC87-459E-B276-B0F83533BBA4}.Release|Win32.Build.0 = Release|Win32
		{8486B009-FC87-459E-B276-B0F83533BBA4}.Release|x64.ActiveCfg = Release|x64
		{8486B009-FC87-459E-B276-B0F83533BBA4}.Release|x64.Build.0 = Release|x64
		{093454D2-F74D-4F4E-8638-7186433D3752}.Debug|Win32.ActiveCfg = Debug|Win32
		{093454D2-F74D-4F4E-8638-7186433D3752}.Debug|Win32.Build.0 = Debug|Win32
		{093454D2-F74D-4F4E-8638-7186433D3752}.Debug|x64.ActiveCfg = Debug|x64
		{093454D2-F74D-4F4E-8638-7186433D3752}.Debug|x64.Build.0 = Debug|x64
		{093454D2-F74D-4F4E-8638-7186433D3752}.Release|Win32.ActiveCfg = Release|Win32
		{093454D2-F74D-4F4E-8638-7186433D3752}.Release|Win32.Build.0 = Release|Win32
		{093454D2-F74D-4F4E-8638-7186433D3752}.Release|x64.ActiveCfg = Release|x64
		{093454D2-F74D-4F4E-8638-7186433D3752}.Release|x64.Build.0 = Release|x64
		{E917C971-B65B-4AB2-A2E3-4328D938B816}.Debug|Win32.ActiveCfg = Debug|Win32
		{E917C971-B65B-4AB2-A2E3-4328D938B816}.Debug|Win32.Build.0 = Debug|Win32
		{E917C971-B65B-4AB2-A2E3-4328D938B816}.Debug|x64.ActiveCfg = Debug|x64
		{E917C971-B65B-4AB2-A2E3-4328D938B816}.Debug|x64.Build.0 = Debug|x64
		{E917C971-B65B-4AB2-A2E3-4328D938B816}.Release|Win32.ActiveCfg = Release|Win32
		{E917C971-B65B-4AB2-A2E3-4328D938B816}.Release|Win32.Build.0 = Release|Win32
		{E917C971-B65B-4AB2-A2E3-4328D938B816}.Release|x64.ActiveCfg = Release|x64
		{E917C971-B65B-4AB2-A2E3-4328D938B816}.Release|x64.Build.0 = Release|x64
		{126D56E5-3C1F-4EC9-80F1-367C99E5CD86}.Debug|Win32.ActiveCfg = Debug|Win32
		{126D56E5-3C1F-4EC9-80F1-367C99E5CD86}.Debug|Win32.Build.0 = Debug|Win32
		{126D56E5-3C1F-4EC9-80F1-367C99E5CD86}.Debug|x64.ActiveCfg = Debug|x64
		{126D56E5-3C1F-4EC9-80F1-367C99E5CD86}.Debug|x64.Build.0 = Debug|x64
		{126D56E5-3C1F-4EC9-80F1-367C99E5CD86}.Release|Win32.ActiveCfg = Release|Win32
		{126D56E5-3C1F-4EC9-80F1-367C99E5CD86}.Release|Win32.Build.0 = Release|Win32
		{126D56E5-3C1F-4EC9-80F1-367C99E5CD86}.Release|x64.ActiveCfg = Release|x64
		{126D56E5-3C1F-4EC9-80F1-367C99E5CD86}.Release|x64.Build.0 = Release|x64
		{3A8ADF50-DF8D-454D-8674-B32E15B3E0F4}.Debug|Win32.ActiveCfg = Debug|Win32
		{3A8ADF50-DF8D-454D-8674-B32E15B3E0F4}.Debug|Win32.Build.0 = Debug|Win32
		{3A8ADF50-DF8D-454D-8674-B32E15B3E0F4}.Debug|x64.ActiveCfg = Debug|x64
		{3A8ADF50-DF8D-454D-8674-B32E15B3E0F4}.Debug|x64.Build.0 = Debug|x64
		{3A8ADF50-DF8D-454D-8674-B32E15B3E0F4}.Release|Win32.ActiveCfg = Release|Win32
		{3A8ADF50-DF8D-454D-8674-B32E15B3E0F4}.Release|Win32.Build.0 = Release|Win32
		{3A8ADF50-DF8D-454D-8674-B32E15B3E0F4}.Release|x64.ActiveCfg = Release|x64
		{3A8ADF50-DF8D-454D-8674-B32E15B3E0F4}.Release|x64.Build.0 = Release|x64
		{F3F6E1C9-EBC6-41AB-8821-F73F6304668B}.Debug|Win32.ActiveCfg = Debug|Win32
		{F3F6E1C9-EBC6-41AB-8821-F73F6304668B}.Debug|Win32.Build.0 = Debug|Win32
		{F3F6E1C9-EBC6-41AB-8821-F73F6304668B}.Debug|x64.ActiveCfg = Debug|x64
		{F3F6E1C9-EBC6-41AB-8821-F73F6304668B}.Debug|x64.Build.0 = Debug|x64
		{F3F6E1C9-EBC6-41AB-8821-F73F6304668B}.Release|Win32.ActiveCfg = Release|Win32
		{F3F6E1C9-EBC6-41AB-8821-F73F6304668B}.Release|Win32.Build.0 = Release|Win32
		{F3F6E1C9-EBC6-41AB-8821-F73F6304668B}.Release|x64.ActiveCfg = Release|x64
		{F3F6E1C9-EBC6-41AB-8821-F73F6304668B}.Release|x64.Build.0 = Release|x64
		{F67B4B68-5EEC-40C1-AFD9-3D7D53552B12}.Debug|Win32.ActiveCfg = Debug|Win32
		{F67B4B68-5EEC-40C1-AFD9-3D7D53552B12}.Debug|Win32.Build.0 = Debug|Win32
		{F67B4B68-5EEC-40C1-AFD9-3D7D53552B12}.Debug|x64.ActiveCfg = Debug|x64
		{F67B4B68-5EEC-40C1-AFD9-3D7D53552B12}.Debug|x64.Build.0 = Debug|x64
		{F67B4B68-5EEC-40C1-AFD9-3D7D53552B12}.Release|Win32.ActiveCfg = Release|Win32
		{F67B4B68-5EEC-40C1-AFD9-3D7D53552B12}.Release|Win32.Build.0 = Release|Win32
		{F67B4B68-5EEC-40C1-AFD9-3D7D53552B12}.Release|x64.ActiveCfg = Release|x64
		{F67B4B68-5EEC-40C1-AFD9-3D7D53552B12}.Release|x64.Build.0 = Release|x64
	EndGlobalSection
	GlobalSection(SolutionProperties) = preSolution
		HideSolutionNode = FALSE
	EndGlobalSection
	GlobalSection(NestedProjects) = preSolution
		{6BFC5D70-8483-4714-837A-D6ACEAA2A491} = {033B3A00-4B76-4530-BDAB-E294EB0BAD70}
		{8486B009-FC87-459E-B276-B0F83533BBA4} = {033B3A00-4B76-4530-BDAB-E294EB0BAD70}
		{093454D2-F74D-4F4E-8638-7186433D3752} = {033B3A00-4B76-4530-BDAB-E294EB0BAD70}
		{E917C971-B65B-4AB2-A2E3-4328D938B816} = {033B3A00-4B76-4530-BDAB-E294EB0BAD70}
		{126D56E5-3C1F-4EC9-80F1-367C99E5CD86} = {033B3A00-4B76-4530-BDAB-E294EB0BAD70}
		{3A8ADF50-DF8D-454D-8674-B32E15B3E0F4} = {033B3A00-4B76-4530-BDAB-E294EB0BAD70}
		{F3F6E1C9-EBC6-41AB-8821-F73F6304668B} = {033B3A00-4B76-4530-BDAB-E294EB0BAD70}
	EndGlobalSection
EndGlobal
