
Microsoft Visual Studio Solution File, Format Version 10.00
# Visual Studio 2008
Project("{8BC9CEB8-8B4A-11D0-8D11-00A0C91BC942}") = "MDIExSample", "MDIExSample.vcproj", "{8486B009-FC87-459E-B276-B0F83533BBA4}"
EndProject
Global
	GlobalSection(SolutionConfigurationPlatforms) = preSolution
		Debug|Win32 = Debug|Win32
		Release|Win32 = Release|Win32
	EndGlobalSection
	GlobalSection(ProjectConfigurationPlatforms) = postSolution
		{8486B009-FC87-459E-B276-B0F83533BBA4}.Debug|Win32.ActiveCfg = Debug|Win32
		{8486B009-FC87-459E-B276-B0F83533BBA4}.Debug|Win32.Build.0 = Debug|Win32
		{8486B009-FC87-459E-B276-B0F83533BBA4}.Release|Win32.ActiveCfg = Release|Win32
		{8486B009-FC87-459E-B276-B0F83533BBA4}.Release|Win32.Build.0 = Release|Win32
	EndGlobalSection
	GlobalSection(SolutionProperties) = preSolution
		HideSolutionNode = FALSE
	EndGlobalSection
EndGlobal
