<?xml version="1.0" encoding="utf-8"?>
<Project ToolsVersion="4.0" xmlns="http://schemas.microsoft.com/developer/msbuild/2003">
  <ItemGroup>
    <Filter Include="Source Files">
      <UniqueIdentifier>{4FC737F1-C7A5-4376-A066-2A32D752A2FF}</UniqueIdentifier>
      <Extensions>cpp;c;cc;cxx;def;odl;idl;hpj;bat;asm;asmx</Extensions>
    </Filter>
    <Filter Include="Header Files">
      <UniqueIdentifier>{93995380-89BD-4b04-88EB-625FBE52EBFB}</UniqueIdentifier>
      <Extensions>h;hpp;hxx;hm;inl;inc;xsd</Extensions>
    </Filter>
    <Filter Include="Resource Files">
      <UniqueIdentifier>{67DA6AB6-F800-4c08-8B7A-83BB121AAD01}</UniqueIdentifier>
      <Extensions>rc;ico;cur;bmp;dlg;rc2;rct;bin;rgs;gif;jpg;jpeg;jpe;resx;tiff;tif;png;wav</Extensions>
    </Filter>
  </ItemGroup>
  <ItemGroup>
    <ClCompile Include="..\include\DockImpl.cpp">
      <Filter>Source Files</Filter>
    </ClCompile>
    <ClCompile Include="stdatl.cpp">
      <Filter>Source Files</Filter>
    </ClCompile>
  </ItemGroup>
  <ItemGroup>
    <ClInclude Include="..\include\atlgdix.h">
      <Filter>Header Files</Filter>
    </ClInclude>
    <ClInclude Include="..\include\CustomTabCtrl.h">
      <Filter>Header Files</Filter>
    </ClInclude>
    <ClInclude Include="..\include\dbstate.h">
      <Filter>Header Files</Filter>
    </ClInclude>
    <ClInclude Include="..\include\DDTracker.h">
      <Filter>Header Files</Filter>
    </ClInclude>
    <ClInclude Include="..\include\DockingBox.h">
      <Filter>Header Files</Filter>
    </ClInclude>
    <ClInclude Include="..\include\DockingFrame.h">
      <Filter>Header Files</Filter>
    </ClInclude>
    <ClInclude Include="..\include\DockingWindow.h">
      <Filter>Header Files</Filter>
    </ClInclude>
    <ClInclude Include="..\include\DockMisc.h">
      <Filter>Header Files</Filter>
    </ClInclude>
    <ClInclude Include="..\include\DotNetTabCtrl.h">
      <Filter>Header Files</Filter>
    </ClInclude>
    <ClInclude Include="..\include\DWAutoHide.h">
      <Filter>Header Files</Filter>
    </ClInclude>
    <ClInclude Include="..\include\dwstate.h">
      <Filter>Header Files</Filter>
    </ClInclude>
    <ClInclude Include="..\include\DynamicDialogTemplate.h">
      <Filter>Header Files</Filter>
    </ClInclude>
    <ClInclude Include="..\include\ExtDockingWindow.h">
      <Filter>Header Files</Filter>
    </ClInclude>
    <ClInclude Include="..\include\FlyingTabs.h">
      <Filter>Header Files</Filter>
    </ClInclude>
    <ClInclude Include="..\include\ImageUtil.h">
      <Filter>Header Files</Filter>
    </ClInclude>
    <ClInclude Include="..\include\ListViewNoFlicker.h">
      <Filter>Header Files</Filter>
    </ClInclude>
    <ClInclude Include="..\include\PackageWindow.h">
      <Filter>Header Files</Filter>
    </ClInclude>
    <ClInclude Include="..\include\PlainTextView.h">
      <Filter>Header Files</Filter>
    </ClInclude>
    <ClInclude Include="..\include\SimpleDlgTabCtrls.h">
      <Filter>Header Files</Filter>
    </ClInclude>
    <ClInclude Include="..\include\SimpleSplitterBar.h">
      <Filter>Header Files</Filter>
    </ClInclude>
    <ClInclude Include="..\include\SimpleTabCtrls.h">
      <Filter>Header Files</Filter>
    </ClInclude>
    <ClInclude Include="..\include\ssec.h">
      <Filter>Header Files</Filter>
    </ClInclude>
    <ClInclude Include="..\include\sstate.h">
      <Filter>Header Files</Filter>
    </ClInclude>
    <ClInclude Include="stdatl.h">
      <Filter>Header Files</Filter>
    </ClInclude>
    <ClInclude Include="..\include\stg.h">
      <Filter>Header Files</Filter>
    </ClInclude>
    <ClInclude Include="..\include\stgreg.h">
      <Filter>Header Files</Filter>
    </ClInclude>
    <ClInclude Include="..\include\stgxml.h">
      <Filter>Header Files</Filter>
    </ClInclude>
    <ClInclude Include="..\include\TabbedDockingWindow.h">
      <Filter>Header Files</Filter>
    </ClInclude>
    <ClInclude Include="..\include\TabbedFrame.h">
      <Filter>Header Files</Filter>
    </ClInclude>
    <ClInclude Include="..\include\TabbedMDI.h">
      <Filter>Header Files</Filter>
    </ClInclude>
    <ClInclude Include="..\include\TabbedMDIMessages.h">
      <Filter>Header Files</Filter>
    </ClInclude>
    <ClInclude Include="..\include\TabbedMDISave.h">
      <Filter>Header Files</Filter>
    </ClInclude>
    <ClInclude Include="..\include\TabDockingBox.h">
      <Filter>Header Files</Filter>
    </ClInclude>
    <ClInclude Include="..\include\WndFrmPkg.h">
      <Filter>Header Files</Filter>
    </ClInclude>
  </ItemGroup>
</Project>