<?xml version="1.0" encoding="utf-8"?>
<Project ToolsVersion="4.0" xmlns="http://schemas.microsoft.com/developer/msbuild/2003">
  <ItemGroup>
    <Filter Include="Source Files">
      <UniqueIdentifier>{4FC737F1-C7A5-4376-A066-2A32D752A2FF}</UniqueIdentifier>
      <Extensions>cpp;c;cc;cxx;def;odl;idl;hpj;bat;asm;asmx</Extensions>
    </Filter>
    <Filter Include="Header Files">
      <UniqueIdentifier>{93995380-89BD-4b04-88EB-625FBE52EBFB}</UniqueIdentifier>
      <Extensions>h;hpp;hxx;hm;inl;inc;xsd</Extensions>
    </Filter>
    <Filter Include="Resource Files">
      <UniqueIdentifier>{67DA6AB6-F800-4c08-8B7A-83BB121AAD01}</UniqueIdentifier>
      <Extensions>rc;ico;cur;bmp;dlg;rc2;rct;bin;rgs;gif;jpg;jpeg;jpe;resx;tiff;tif;png;wav</Extensions>
    </Filter>
  </ItemGroup>
  <ItemGroup>
    <ClInclude Include="..\include\dockwins\atlgdix.h">
      <Filter>Header Files</Filter>
    </ClInclude>
    <ClInclude Include="..\include\dockwins\CustomTabCtrl.h">
      <Filter>Header Files</Filter>
    </ClInclude>
    <ClInclude Include="..\include\dockwins\dbstate.h">
      <Filter>Header Files</Filter>
    </ClInclude>
    <ClInclude Include="..\include\dockwins\DDTracker.h">
      <Filter>Header Files</Filter>
    </ClInclude>
    <ClInclude Include="..\include\dockwins\DockingBox.h">
      <Filter>Header Files</Filter>
    </ClInclude>
    <ClInclude Include="..\include\dockwins\DockingFrame.h">
      <Filter>Header Files</Filter>
    </ClInclude>
    <ClInclude Include="..\include\dockwins\DockingWindow.h">
      <Filter>Header Files</Filter>
    </ClInclude>
    <ClInclude Include="..\include\dockwins\DockMisc.h">
      <Filter>Header Files</Filter>
    </ClInclude>
    <ClInclude Include="..\include\dockwins\dockwins.h">
      <Filter>Header Files</Filter>
    </ClInclude>
    <ClInclude Include="..\include\dockwins\DotNetTabCtrl.h">
      <Filter>Header Files</Filter>
    </ClInclude>
    <ClInclude Include="..\include\dockwins\DWAutoHide.h">
      <Filter>Header Files</Filter>
    </ClInclude>
    <ClInclude Include="..\include\dockwins\dwstate.h">
      <Filter>Header Files</Filter>
    </ClInclude>
    <ClInclude Include="..\include\dockwins\DynamicDialogTemplate.h">
      <Filter>Header Files</Filter>
    </ClInclude>
    <ClInclude Include="..\include\dockwins\ExtDockingWindow.h">
      <Filter>Header Files</Filter>
    </ClInclude>
    <ClInclude Include="..\include\dockwins\FlyingTabs.h">
      <Filter>Header Files</Filter>
    </ClInclude>
    <ClInclude Include="..\include\dockwins\ImageUtil.h">
      <Filter>Header Files</Filter>
    </ClInclude>
    <ClInclude Include="..\include\dockwins\ListViewNoFlicker.h">
      <Filter>Header Files</Filter>
    </ClInclude>
    <ClInclude Include="..\include\dockwins\PackageWindow.h">
      <Filter>Header Files</Filter>
    </ClInclude>
    <ClInclude Include="..\include\dockwins\PlainTextView.h">
      <Filter>Header Files</Filter>
    </ClInclude>
    <ClInclude Include="..\include\dockwins\SimpleDlgTabCtrls.h">
      <Filter>Header Files</Filter>
    </ClInclude>
    <ClInclude Include="..\include\dockwins\SimpleSplitterBar.h">
      <Filter>Header Files</Filter>
    </ClInclude>
    <ClInclude Include="..\include\dockwins\SimpleTabCtrls.h">
      <Filter>Header Files</Filter>
    </ClInclude>
    <ClInclude Include="..\include\dockwins\ssec.h">
      <Filter>Header Files</Filter>
    </ClInclude>
    <ClInclude Include="..\include\dockwins\sstate.h">
      <Filter>Header Files</Filter>
    </ClInclude>
    <ClInclude Include="..\include\dockwins\stg.h">
      <Filter>Header Files</Filter>
    </ClInclude>
    <ClInclude Include="..\include\dockwins\stgreg.h">
      <Filter>Header Files</Filter>
    </ClInclude>
    <ClInclude Include="..\include\dockwins\stgxml.h">
      <Filter>Header Files</Filter>
    </ClInclude>
    <ClInclude Include="..\include\dockwins\TabbedDockingWindow.h">
      <Filter>Header Files</Filter>
    </ClInclude>
    <ClInclude Include="..\include\dockwins\TabbedFrame.h">
      <Filter>Header Files</Filter>
    </ClInclude>
    <ClInclude Include="..\include\dockwins\TabbedMDI.h">
      <Filter>Header Files</Filter>
    </ClInclude>
    <ClInclude Include="..\include\dockwins\TabbedMDIMessages.h">
      <Filter>Header Files</Filter>
    </ClInclude>
    <ClInclude Include="..\include\dockwins\TabbedMDISave.h">
      <Filter>Header Files</Filter>
    </ClInclude>
    <ClInclude Include="..\include\dockwins\TabDockingBox.h">
      <Filter>Header Files</Filter>
    </ClInclude>
    <ClInclude Include="..\include\dockwins\WndFrmPkg.h">
      <Filter>Header Files</Filter>
    </ClInclude>
  </ItemGroup>
</Project>